
Microsoft Visual Studio Solution File, Format Version 12.00
# Visual Studio 15
VisualStudioVersion = 15.0.28307.1169
MinimumVisualStudioVersion = 10.0.40219.1
Project("{FAE04EC0-301F-11D3-BF4B-00C04F79EFBC}") = "HotSaleSenfoniAppServer", "HotSaleSenfoniAppServer\HotSaleSenfoniAppServer.csproj", "{4F972957-B73A-4286-848C-E068D9CDE77D}"
EndProject
Project("{FAE04EC0-301F-11D3-BF4B-00C04F79EFBC}") = "HotSaleServiceTables", "HotSaleServiceTables\HotSaleServiceTables.csproj", "{AA9F4980-EE63-4BF0-98B0-5DAAC2B00DCD}"
EndProject
Global
	GlobalSection(SolutionConfigurationPlatforms) = preSolution
		Debug|Any CPU = Debug|Any CPU
		Debug|x86 = Debug|x86
		Release|Any CPU = Release|Any CPU
		Release|x86 = Release|x86
	EndGlobalSection
	GlobalSection(ProjectConfigurationPlatforms) = postSolution
		{4F972957-B73A-4286-848C-E068D9CDE77D}.Debug|Any CPU.ActiveCfg = Debug|Any CPU
		{4F972957-B73A-4286-848C-E068D9CDE77D}.Debug|Any CPU.Build.0 = Debug|Any CPU
		{4F972957-B73A-4286-848C-E068D9CDE77D}.Debug|x86.ActiveCfg = Debug|Any CPU
		{4F972957-B73A-4286-848C-E068D9CDE77D}.Debug|x86.Build.0 = Debug|Any CPU
		{4F972957-B73A-4286-848C-E068D9CDE77D}.Release|Any CPU.ActiveCfg = Release|Any CPU
		{4F972957-B73A-4286-848C-E068D9CDE77D}.Release|Any CPU.Build.0 = Release|Any CPU
		{4F972957-B73A-4286-848C-E068D9CDE77D}.Release|x86.ActiveCfg = Release|Any CPU
		{4F972957-B73A-4286-848C-E068D9CDE77D}.Release|x86.Build.0 = Release|Any CPU
		{AA9F4980-EE63-4BF0-98B0-5DAAC2B00DCD}.Debug|Any CPU.ActiveCfg = Debug|Any CPU
		{AA9F4980-EE63-4BF0-98B0-5DAAC2B00DCD}.Debug|Any CPU.Build.0 = Debug|Any CPU
		{AA9F4980-EE63-4BF0-98B0-5DAAC2B00DCD}.Debug|x86.ActiveCfg = Debug|Any CPU
		{AA9F4980-EE63-4BF0-98B0-5DAAC2B00DCD}.Debug|x86.Build.0 = Debug|Any CPU
		{AA9F4980-EE63-4BF0-98B0-5DAAC2B00DCD}.Release|Any CPU.ActiveCfg = Release|Any CPU
		{AA9F4980-EE63-4BF0-98B0-5DAAC2B00DCD}.Release|Any CPU.Build.0 = Release|Any CPU
		{AA9F4980-EE63-4BF0-98B0-5DAAC2B00DCD}.Release|x86.ActiveCfg = Release|Any CPU
		{AA9F4980-EE63-4BF0-98B0-5DAAC2B00DCD}.Release|x86.Build.0 = Release|Any CPU
	EndGlobalSection
	GlobalSection(SolutionProperties) = preSolution
		HideSolutionNode = FALSE
	EndGlobalSection
	GlobalSection(ExtensibilityGlobals) = postSolution
		SolutionGuid = {8C4308B9-7652-4F59-967D-04F23237109D}
	EndGlobalSection
EndGlobal
